
Microsoft Visual Studio Solution File, Format Version 12.00
# Visual Studio Version 17
VisualStudioVersion = 17.11.35222.181
MinimumVisualStudioVersion = 10.0.40219.1
Project("{8BC9CEB8-8B4A-11D0-8D11-00A0C91BC942}") = "yes1", "yes1\yes1.vcxproj", "{A5EDA001-25D8-40DF-A861-46B3A1510135}"
EndProject
Global
	GlobalSection(SolutionConfigurationPlatforms) = preSolution
		Debug|x64 = Debug|x64
		Debug|x86 = Debug|x86
		Release|x64 = Release|x64
		Release|x86 = Release|x86
	EndGlobalSection
	GlobalSection(ProjectConfigurationPlatforms) = postSolution
		{A5EDA001-25D8-40DF-A861-46B3A1510135}.Debug|x64.ActiveCfg = Debug|x64
		{A5EDA001-25D8-40DF-A861-46B3A1510135}.Debug|x64.Build.0 = Debug|x64
		{A5EDA001-25D8-40DF-A861-46B3A1510135}.Debug|x86.ActiveCfg = Debug|Win32
		{A5EDA001-25D8-40DF-A861-46B3A1510135}.Debug|x86.Build.0 = Debug|Win32
		{A5EDA001-25D8-40DF-A861-46B3A1510135}.Release|x64.ActiveCfg = Release|x64
		{A5EDA001-25D8-40DF-A861-46B3A1510135}.Release|x64.Build.0 = Release|x64
		{A5EDA001-25D8-40DF-A861-46B3A1510135}.Release|x86.ActiveCfg = Release|Win32
		{A5EDA001-25D8-40DF-A861-46B3A1510135}.Release|x86.Build.0 = Release|Win32
	EndGlobalSection
	GlobalSection(SolutionProperties) = preSolution
		HideSolutionNode = FALSE
	EndGlobalSection
	GlobalSection(ExtensibilityGlobals) = postSolution
		SolutionGuid = {C99E1990-00E1-442C-ACE8-69CE934C93F9}
	EndGlobalSection
EndGlobal
